
Microsoft Visual Studio Solution File, Format Version 12.00
# Visual Studio Version 17
VisualStudioVersion = 17.2.32616.157
MinimumVisualStudioVersion = 10.0.40219.1
Project("{9A19103F-16F7-4668-BE54-9A1E7A4F7556}") = "Task", "Stack\Task.csproj", "{B656C3E7-E5C3-4414-ABDF-37FE06A0A92F}"
EndProject
Global
	GlobalSection(SolutionConfigurationPlatforms) = preSolution
		Debug|Any CPU = Debug|Any CPU
		Release|Any CPU = Release|Any CPU
	EndGlobalSection
	GlobalSection(ProjectConfigurationPlatforms) = postSolution
		{B656C3E7-E5C3-4414-ABDF-37FE06A0A92F}.Debug|Any CPU.ActiveCfg = Debug|Any CPU
		{B656C3E7-E5C3-4414-ABDF-37FE06A0A92F}.Debug|Any CPU.Build.0 = Debug|Any CPU
		{B656C3E7-E5C3-4414-ABDF-37FE06A0A92F}.Release|Any CPU.ActiveCfg = Release|Any CPU
		{B656C3E7-E5C3-4414-ABDF-37FE06A0A92F}.Release|Any CPU.Build.0 = Release|Any CPU
	EndGlobalSection
	GlobalSection(SolutionProperties) = preSolution
		HideSolutionNode = FALSE
	EndGlobalSection
	GlobalSection(ExtensibilityGlobals) = postSolution
		SolutionGuid = {C634CA98-7EB8-41C1-991C-BBE83B8D33AF}
	EndGlobalSection
EndGlobal
